
Microsoft Visual Studio Solution File, Format Version 12.00
# Visual Studio 14
VisualStudioVersion = 14.0.25123.0
MinimumVisualStudioVersion = 10.0.40219.1
Project("{FAE04EC0-301F-11D3-BF4B-00C04F79EFBC}") = "WhenToDig85.Droid", "WhenToDig85\WhenToDig85.Droid\WhenToDig85.Droid.csproj", "{86D70AAB-5846-4E44-A46B-9FFAFA874501}"
EndProject
Project("{FAE04EC0-301F-11D3-BF4B-00C04F79EFBC}") = "WhenToDig85.iOS", "WhenToDig85\WhenToDig85.iOS\WhenToDig85.iOS.csproj", "{9F6A9667-C088-4E82-AD45-8B98F0525EFB}"
EndProject
Project("{FAE04EC0-301F-11D3-BF4B-00C04F79EFBC}") = "WhenToDig85.WinPhone", "WhenToDig85\WhenToDig85.WinPhone\WhenToDig85.WinPhone.csproj", "{569239F9-605E-4E79-8C91-D613D9818A7F}"
EndProject
Project("{FAE04EC0-301F-11D3-BF4B-00C04F79EFBC}") = "WhenToDig85.UWP", "WhenToDig85\WhenToDig85.UWP\WhenToDig85.UWP.csproj", "{35B3657C-4522-4860-B2E5-3DA2B17A8DF8}"
EndProject
Project("{FAE04EC0-301F-11D3-BF4B-00C04F79EFBC}") = "WhenToDig85.Windows", "WhenToDig85\WhenToDig85.Windows\WhenToDig85.Windows.csproj", "{80881CAC-E539-474F-B448-1E748859D713}"
EndProject
Project("{FAE04EC0-301F-11D3-BF4B-00C04F79EFBC}") = "WhenToDig85", "WhenToDig85\WhenToDig85\WhenToDig85.csproj", "{041D46A4-9656-4462-B9B8-7E88E881C83A}"
EndProject
Global
	GlobalSection(SolutionConfigurationPlatforms) = preSolution
		Ad-Hoc|Any CPU = Ad-Hoc|Any CPU
		Ad-Hoc|ARM = Ad-Hoc|ARM
		Ad-Hoc|iPhone = Ad-Hoc|iPhone
		Ad-Hoc|iPhoneSimulator = Ad-Hoc|iPhoneSimulator
		Ad-Hoc|x64 = Ad-Hoc|x64
		Ad-Hoc|x86 = Ad-Hoc|x86
		AppStore|Any CPU = AppStore|Any CPU
		AppStore|ARM = AppStore|ARM
		AppStore|iPhone = AppStore|iPhone
		AppStore|iPhoneSimulator = AppStore|iPhoneSimulator
		AppStore|x64 = AppStore|x64
		AppStore|x86 = AppStore|x86
		Debug|Any CPU = Debug|Any CPU
		Debug|ARM = Debug|ARM
		Debug|iPhone = Debug|iPhone
		Debug|iPhoneSimulator = Debug|iPhoneSimulator
		Debug|x64 = Debug|x64
		Debug|x86 = Debug|x86
		Release|Any CPU = Release|Any CPU
		Release|ARM = Release|ARM
		Release|iPhone = Release|iPhone
		Release|iPhoneSimulator = Release|iPhoneSimulator
		Release|x64 = Release|x64
		Release|x86 = Release|x86
	EndGlobalSection
	GlobalSection(ProjectConfigurationPlatforms) = postSolution
		{86D70AAB-5846-4E44-A46B-9FFAFA874501}.Ad-Hoc|Any CPU.ActiveCfg = Release|Any CPU
		{86D70AAB-5846-4E44-A46B-9FFAFA874501}.Ad-Hoc|Any CPU.Build.0 = Release|Any CPU
		{86D70AAB-5846-4E44-A46B-9FFAFA874501}.Ad-Hoc|Any CPU.Deploy.0 = Release|Any CPU
		{86D70AAB-5846-4E44-A46B-9FFAFA874501}.Ad-Hoc|ARM.ActiveCfg = Release|Any CPU
		{86D70AAB-5846-4E44-A46B-9FFAFA874501}.Ad-Hoc|ARM.Build.0 = Release|Any CPU
		{86D70AAB-5846-4E44-A46B-9FFAFA874501}.Ad-Hoc|ARM.Deploy.0 = Release|Any CPU
		{86D70AAB-5846-4E44-A46B-9FFAFA874501}.Ad-Hoc|iPhone.ActiveCfg = Release|Any CPU
		{86D70AAB-5846-4E44-A46B-9FFAFA874501}.Ad-Hoc|iPhone.Build.0 = Release|Any CPU
		{86D70AAB-5846-4E44-A46B-9FFAFA874501}.Ad-Hoc|iPhone.Deploy.0 = Release|Any CPU
		{86D70AAB-5846-4E44-A46B-9FFAFA874501}.Ad-Hoc|iPhoneSimulator.ActiveCfg = Release|Any CPU
		{86D70AAB-5846-4E44-A46B-9FFAFA874501}.Ad-Hoc|iPhoneSimulator.Build.0 = Release|Any CPU
		{86D70AAB-5846-4E44-A46B-9FFAFA874501}.Ad-Hoc|iPhoneSimulator.Deploy.0 = Release|Any CPU
		{86D70AAB-5846-4E44-A46B-9FFAFA874501}.Ad-Hoc|x64.ActiveCfg = Release|Any CPU
		{86D70AAB-5846-4E44-A46B-9FFAFA874501}.Ad-Hoc|x64.Build.0 = Release|Any CPU
		{86D70AAB-5846-4E44-A46B-9FFAFA874501}.Ad-Hoc|x64.Deploy.0 = Release|Any CPU
		{86D70AAB-5846-4E44-A46B-9FFAFA874501}.Ad-Hoc|x86.ActiveCfg = Release|Any CPU
		{86D70AAB-5846-4E44-A46B-9FFAFA874501}.Ad-Hoc|x86.Build.0 = Release|Any CPU
		{86D70AAB-5846-4E44-A46B-9FFAFA874501}.Ad-Hoc|x86.Deploy.0 = Release|Any CPU
		{86D70AAB-5846-4E44-A46B-9FFAFA874501}.AppStore|Any CPU.ActiveCfg = Release|Any CPU
		{86D70AAB-5846-4E44-A46B-9FFAFA874501}.AppStore|Any CPU.Build.0 = Release|Any CPU
		{86D70AAB-5846-4E44-A46B-9FFAFA874501}.AppStore|Any CPU.Deploy.0 = Release|Any CPU
		{86D70AAB-5846-4E44-A46B-9FFAFA874501}.AppStore|ARM.ActiveCfg = Release|Any CPU
		{86D70AAB-5846-4E44-A46B-9FFAFA874501}.AppStore|ARM.Build.0 = Release|Any CPU
		{86D70AAB-5846-4E44-A46B-9FFAFA874501}.AppStore|ARM.Deploy.0 = Release|Any CPU
		{86D70AAB-5846-4E44-A46B-9FFAFA874501}.AppStore|iPhone.ActiveCfg = Release|Any CPU
		{86D70AAB-5846-4E44-A46B-9FFAFA874501}.AppStore|iPhone.Build.0 = Release|Any CPU
		{86D70AAB-5846-4E44-A46B-9FFAFA874501}.AppStore|iPhone.Deploy.0 = Release|Any CPU
		{86D70AAB-5846-4E44-A46B-9FFAFA874501}.AppStore|iPhoneSimulator.ActiveCfg = Release|Any CPU
		{86D70AAB-5846-4E44-A46B-9FFAFA874501}.AppStore|iPhoneSimulator.Build.0 = Release|Any CPU
		{86D70AAB-5846-4E44-A46B-9FFAFA874501}.AppStore|iPhoneSimulator.Deploy.0 = Release|Any CPU
		{86D70AAB-5846-4E44-A46B-9FFAFA874501}.AppStore|x64.ActiveCfg = Release|Any CPU
		{86D70AAB-5846-4E44-A46B-9FFAFA874501}.AppStore|x64.Build.0 = Release|Any CPU
		{86D70AAB-5846-4E44-A46B-9FFAFA874501}.AppStore|x64.Deploy.0 = Release|Any CPU
		{86D70AAB-5846-4E44-A46B-9FFAFA874501}.AppStore|x86.ActiveCfg = Release|Any CPU
		{86D70AAB-5846-4E44-A46B-9FFAFA874501}.AppStore|x86.Build.0 = Release|Any CPU
		{86D70AAB-5846-4E44-A46B-9FFAFA874501}.AppStore|x86.Deploy.0 = Release|Any CPU
		{86D70AAB-5846-4E44-A46B-9FFAFA874501}.Debug|Any CPU.ActiveCfg = Debug|Any CPU
		{86D70AAB-5846-4E44-A46B-9FFAFA874501}.Debug|Any CPU.Build.0 = Debug|Any CPU
		{86D70AAB-5846-4E44-A46B-9FFAFA874501}.Debug|Any CPU.Deploy.0 = Debug|Any CPU
		{86D70AAB-5846-4E44-A46B-9FFAFA874501}.Debug|ARM.ActiveCfg = Debug|Any CPU
		{86D70AAB-5846-4E44-A46B-9FFAFA874501}.Debug|ARM.Build.0 = Debug|Any CPU
		{86D70AAB-5846-4E44-A46B-9FFAFA874501}.Debug|ARM.Deploy.0 = Debug|Any CPU
		{86D70AAB-5846-4E44-A46B-9FFAFA874501}.Debug|iPhone.ActiveCfg = Debug|Any CPU
		{86D70AAB-5846-4E44-A46B-9FFAFA874501}.Debug|iPhone.Build.0 = Debug|Any CPU
		{86D70AAB-5846-4E44-A46B-9FFAFA874501}.Debug|iPhone.Deploy.0 = Debug|Any CPU
		{86D70AAB-5846-4E44-A46B-9FFAFA874501}.Debug|iPhoneSimulator.ActiveCfg = Debug|Any CPU
		{86D70AAB-5846-4E44-A46B-9FFAFA874501}.Debug|iPhoneSimulator.Build.0 = Debug|Any CPU
		{86D70AAB-5846-4E44-A46B-9FFAFA874501}.Debug|iPhoneSimulator.Deploy.0 = Debug|Any CPU
		{86D70AAB-5846-4E44-A46B-9FFAFA874501}.Debug|x64.ActiveCfg = Debug|Any CPU
		{86D70AAB-5846-4E44-A46B-9FFAFA874501}.Debug|x64.Build.0 = Debug|Any CPU
		{86D70AAB-5846-4E44-A46B-9FFAFA874501}.Debug|x64.Deploy.0 = Debug|Any CPU
		{86D70AAB-5846-4E44-A46B-9FFAFA874501}.Debug|x86.ActiveCfg = Debug|Any CPU
		{86D70AAB-5846-4E44-A46B-9FFAFA874501}.Debug|x86.Build.0 = Debug|Any CPU
		{86D70AAB-5846-4E44-A46B-9FFAFA874501}.Debug|x86.Deploy.0 = Debug|Any CPU
		{86D70AAB-5846-4E44-A46B-9FFAFA874501}.Release|Any CPU.ActiveCfg = Release|Any CPU
		{86D70AAB-5846-4E44-A46B-9FFAFA874501}.Release|Any CPU.Build.0 = Release|Any CPU
		{86D70AAB-5846-4E44-A46B-9FFAFA874501}.Release|Any CPU.Deploy.0 = Release|Any CPU
		{86D70AAB-5846-4E44-A46B-9FFAFA874501}.Release|ARM.ActiveCfg = Release|Any CPU
		{86D70AAB-5846-4E44-A46B-9FFAFA874501}.Release|ARM.Build.0 = Release|Any CPU
		{86D70AAB-5846-4E44-A46B-9FFAFA874501}.Release|ARM.Deploy.0 = Release|Any CPU
		{86D70AAB-5846-4E44-A46B-9FFAFA874501}.Release|iPhone.ActiveCfg = Release|Any CPU
		{86D70AAB-5846-4E44-A46B-9FFAFA874501}.Release|iPhone.Build.0 = Release|Any CPU
		{86D70AAB-5846-4E44-A46B-9FFAFA874501}.Release|iPhone.Deploy.0 = Release|Any CPU
		{86D70AAB-5846-4E44-A46B-9FFAFA874501}.Release|iPhoneSimulator.ActiveCfg = Release|Any CPU
		{86D70AAB-5846-4E44-A46B-9FFAFA874501}.Release|iPhoneSimulator.Build.0 = Release|Any CPU
		{86D70AAB-5846-4E44-A46B-9FFAFA874501}.Release|iPhoneSimulator.Deploy.0 = Release|Any CPU
		{86D70AAB-5846-4E44-A46B-9FFAFA874501}.Release|x64.ActiveCfg = Release|Any CPU
		{86D70AAB-5846-4E44-A46B-9FFAFA874501}.Release|x64.Build.0 = Release|Any CPU
		{86D70AAB-5846-4E44-A46B-9FFAFA874501}.Release|x64.Deploy.0 = Release|Any CPU
		{86D70AAB-5846-4E44-A46B-9FFAFA874501}.Release|x86.ActiveCfg = Release|Any CPU
		{86D70AAB-5846-4E44-A46B-9FFAFA874501}.Release|x86.Build.0 = Release|Any CPU
		{86D70AAB-5846-4E44-A46B-9FFAFA874501}.Release|x86.Deploy.0 = Release|Any CPU
		{9F6A9667-C088-4E82-AD45-8B98F0525EFB}.Ad-Hoc|Any CPU.ActiveCfg = Ad-Hoc|iPhone
		{9F6A9667-C088-4E82-AD45-8B98F0525EFB}.Ad-Hoc|ARM.ActiveCfg = Ad-Hoc|iPhone
		{9F6A9667-C088-4E82-AD45-8B98F0525EFB}.Ad-Hoc|iPhone.ActiveCfg = Ad-Hoc|iPhone
		{9F6A9667-C088-4E82-AD45-8B98F0525EFB}.Ad-Hoc|iPhone.Build.0 = Ad-Hoc|iPhone
		{9F6A9667-C088-4E82-AD45-8B98F0525EFB}.Ad-Hoc|iPhoneSimulator.ActiveCfg = Ad-Hoc|iPhoneSimulator
		{9F6A9667-C088-4E82-AD45-8B98F0525EFB}.Ad-Hoc|iPhoneSimulator.Build.0 = Ad-Hoc|iPhoneSimulator
		{9F6A9667-C088-4E82-AD45-8B98F0525EFB}.Ad-Hoc|x64.ActiveCfg = Ad-Hoc|iPhone
		{9F6A9667-C088-4E82-AD45-8B98F0525EFB}.Ad-Hoc|x86.ActiveCfg = Ad-Hoc|iPhone
		{9F6A9667-C088-4E82-AD45-8B98F0525EFB}.AppStore|Any CPU.ActiveCfg = AppStore|iPhone
		{9F6A9667-C088-4E82-AD45-8B98F0525EFB}.AppStore|ARM.ActiveCfg = AppStore|iPhone
		{9F6A9667-C088-4E82-AD45-8B98F0525EFB}.AppStore|iPhone.ActiveCfg = AppStore|iPhone
		{9F6A9667-C088-4E82-AD45-8B98F0525EFB}.AppStore|iPhone.Build.0 = AppStore|iPhone
		{9F6A9667-C088-4E82-AD45-8B98F0525EFB}.AppStore|iPhoneSimulator.ActiveCfg = AppStore|iPhoneSimulator
		{9F6A9667-C088-4E82-AD45-8B98F0525EFB}.AppStore|iPhoneSimulator.Build.0 = AppStore|iPhoneSimulator
		{9F6A9667-C088-4E82-AD45-8B98F0525EFB}.AppStore|x64.ActiveCfg = AppStore|iPhone
		{9F6A9667-C088-4E82-AD45-8B98F0525EFB}.AppStore|x86.ActiveCfg = AppStore|iPhone
		{9F6A9667-C088-4E82-AD45-8B98F0525EFB}.Debug|Any CPU.ActiveCfg = Debug|iPhone
		{9F6A9667-C088-4E82-AD45-8B98F0525EFB}.Debug|ARM.ActiveCfg = Debug|iPhone
		{9F6A9667-C088-4E82-AD45-8B98F0525EFB}.Debug|iPhone.ActiveCfg = Debug|iPhone
		{9F6A9667-C088-4E82-AD45-8B98F0525EFB}.Debug|iPhone.Build.0 = Debug|iPhone
		{9F6A9667-C088-4E82-AD45-8B98F0525EFB}.Debug|iPhoneSimulator.ActiveCfg = Debug|iPhoneSimulator
		{9F6A9667-C088-4E82-AD45-8B98F0525EFB}.Debug|iPhoneSimulator.Build.0 = Debug|iPhoneSimulator
		{9F6A9667-C088-4E82-AD45-8B98F0525EFB}.Debug|x64.ActiveCfg = Debug|iPhone
		{9F6A9667-C088-4E82-AD45-8B98F0525EFB}.Debug|x86.ActiveCfg = Debug|iPhone
		{9F6A9667-C088-4E82-AD45-8B98F0525EFB}.Release|Any CPU.ActiveCfg = Release|iPhone
		{9F6A9667-C088-4E82-AD45-8B98F0525EFB}.Release|ARM.ActiveCfg = Release|iPhone
		{9F6A9667-C088-4E82-AD45-8B98F0525EFB}.Release|iPhone.ActiveCfg = Release|iPhone
		{9F6A9667-C088-4E82-AD45-8B98F0525EFB}.Release|iPhone.Build.0 = Release|iPhone
		{9F6A9667-C088-4E82-AD45-8B98F0525EFB}.Release|iPhoneSimulator.ActiveCfg = Release|iPhoneSimulator
		{9F6A9667-C088-4E82-AD45-8B98F0525EFB}.Release|iPhoneSimulator.Build.0 = Release|iPhoneSimulator
		{9F6A9667-C088-4E82-AD45-8B98F0525EFB}.Release|x64.ActiveCfg = Release|iPhone
		{9F6A9667-C088-4E82-AD45-8B98F0525EFB}.Release|x86.ActiveCfg = Release|iPhone
		{569239F9-605E-4E79-8C91-D613D9818A7F}.Ad-Hoc|Any CPU.ActiveCfg = Release|Any CPU
		{569239F9-605E-4E79-8C91-D613D9818A7F}.Ad-Hoc|Any CPU.Build.0 = Release|Any CPU
		{569239F9-605E-4E79-8C91-D613D9818A7F}.Ad-Hoc|Any CPU.Deploy.0 = Release|Any CPU
		{569239F9-605E-4E79-8C91-D613D9818A7F}.Ad-Hoc|ARM.ActiveCfg = Release|ARM
		{569239F9-605E-4E79-8C91-D613D9818A7F}.Ad-Hoc|ARM.Build.0 = Release|ARM
		{569239F9-605E-4E79-8C91-D613D9818A7F}.Ad-Hoc|ARM.Deploy.0 = Release|ARM
		{569239F9-605E-4E79-8C91-D613D9818A7F}.Ad-Hoc|iPhone.ActiveCfg = Release|Any CPU
		{569239F9-605E-4E79-8C91-D613D9818A7F}.Ad-Hoc|iPhone.Build.0 = Release|Any CPU
		{569239F9-605E-4E79-8C91-D613D9818A7F}.Ad-Hoc|iPhone.Deploy.0 = Release|Any CPU
		{569239F9-605E-4E79-8C91-D613D9818A7F}.Ad-Hoc|iPhoneSimulator.ActiveCfg = Release|Any CPU
		{569239F9-605E-4E79-8C91-D613D9818A7F}.Ad-Hoc|iPhoneSimulator.Build.0 = Release|Any CPU
		{569239F9-605E-4E79-8C91-D613D9818A7F}.Ad-Hoc|iPhoneSimulator.Deploy.0 = Release|Any CPU
		{569239F9-605E-4E79-8C91-D613D9818A7F}.Ad-Hoc|x64.ActiveCfg = Release|Any CPU
		{569239F9-605E-4E79-8C91-D613D9818A7F}.Ad-Hoc|x64.Build.0 = Release|Any CPU
		{569239F9-605E-4E79-8C91-D613D9818A7F}.Ad-Hoc|x64.Deploy.0 = Release|Any CPU
		{569239F9-605E-4E79-8C91-D613D9818A7F}.Ad-Hoc|x86.ActiveCfg = Release|x86
		{569239F9-605E-4E79-8C91-D613D9818A7F}.Ad-Hoc|x86.Build.0 = Release|x86
		{569239F9-605E-4E79-8C91-D613D9818A7F}.Ad-Hoc|x86.Deploy.0 = Release|x86
		{569239F9-605E-4E79-8C91-D613D9818A7F}.AppStore|Any CPU.ActiveCfg = Release|Any CPU
		{569239F9-605E-4E79-8C91-D613D9818A7F}.AppStore|Any CPU.Build.0 = Release|Any CPU
		{569239F9-605E-4E79-8C91-D613D9818A7F}.AppStore|Any CPU.Deploy.0 = Release|Any CPU
		{569239F9-605E-4E79-8C91-D613D9818A7F}.AppStore|ARM.ActiveCfg = Release|ARM
		{569239F9-605E-4E79-8C91-D613D9818A7F}.AppStore|ARM.Build.0 = Release|ARM
		{569239F9-605E-4E79-8C91-D613D9818A7F}.AppStore|ARM.Deploy.0 = Release|ARM
		{569239F9-605E-4E79-8C91-D613D9818A7F}.AppStore|iPhone.ActiveCfg = Release|Any CPU
		{569239F9-605E-4E79-8C91-D613D9818A7F}.AppStore|iPhone.Build.0 = Release|Any CPU
		{569239F9-605E-4E79-8C91-D613D9818A7F}.AppStore|iPhone.Deploy.0 = Release|Any CPU
		{569239F9-605E-4E79-8C91-D613D9818A7F}.AppStore|iPhoneSimulator.ActiveCfg = Release|Any CPU
		{569239F9-605E-4E79-8C91-D613D9818A7F}.AppStore|iPhoneSimulator.Build.0 = Release|Any CPU
		{569239F9-605E-4E79-8C91-D613D9818A7F}.AppStore|iPhoneSimulator.Deploy.0 = Release|Any CPU
		{569239F9-605E-4E79-8C91-D613D9818A7F}.AppStore|x64.ActiveCfg = Release|Any CPU
		{569239F9-605E-4E79-8C91-D613D9818A7F}.AppStore|x64.Build.0 = Release|Any CPU
		{569239F9-605E-4E79-8C91-D613D9818A7F}.AppStore|x64.Deploy.0 = Release|Any CPU
		{569239F9-605E-4E79-8C91-D613D9818A7F}.AppStore|x86.ActiveCfg = Release|x86
		{569239F9-605E-4E79-8C91-D613D9818A7F}.AppStore|x86.Build.0 = Release|x86
		{569239F9-605E-4E79-8C91-D613D9818A7F}.AppStore|x86.Deploy.0 = Release|x86
		{569239F9-605E-4E79-8C91-D613D9818A7F}.Debug|Any CPU.ActiveCfg = Debug|Any CPU
		{569239F9-605E-4E79-8C91-D613D9818A7F}.Debug|Any CPU.Build.0 = Debug|Any CPU
		{569239F9-605E-4E79-8C91-D613D9818A7F}.Debug|Any CPU.Deploy.0 = Debug|Any CPU
		{569239F9-605E-4E79-8C91-D613D9818A7F}.Debug|ARM.ActiveCfg = Debug|ARM
		{569239F9-605E-4E79-8C91-D613D9818A7F}.Debug|ARM.Build.0 = Debug|ARM
		{569239F9-605E-4E79-8C91-D613D9818A7F}.Debug|ARM.Deploy.0 = Debug|ARM
		{569239F9-605E-4E79-8C91-D613D9818A7F}.Debug|iPhone.ActiveCfg = Debug|Any CPU
		{569239F9-605E-4E79-8C91-D613D9818A7F}.Debug|iPhone.Build.0 = Debug|Any CPU
		{569239F9-605E-4E79-8C91-D613D9818A7F}.Debug|iPhone.Deploy.0 = Debug|Any CPU
		{569239F9-605E-4E79-8C91-D613D9818A7F}.Debug|iPhoneSimulator.ActiveCfg = Debug|Any CPU
		{569239F9-605E-4E79-8C91-D613D9818A7F}.Debug|iPhoneSimulator.Build.0 = Debug|Any CPU
		{569239F9-605E-4E79-8C91-D613D9818A7F}.Debug|iPhoneSimulator.Deploy.0 = Debug|Any CPU
		{569239F9-605E-4E79-8C91-D613D9818A7F}.Debug|x64.ActiveCfg = Debug|Any CPU
		{569239F9-605E-4E79-8C91-D613D9818A7F}.Debug|x64.Build.0 = Debug|Any CPU
		{569239F9-605E-4E79-8C91-D613D9818A7F}.Debug|x64.Deploy.0 = Debug|Any CPU
		{569239F9-605E-4E79-8C91-D613D9818A7F}.Debug|x86.ActiveCfg = Debug|x86
		{569239F9-605E-4E79-8C91-D613D9818A7F}.Debug|x86.Build.0 = Debug|x86
		{569239F9-605E-4E79-8C91-D613D9818A7F}.Debug|x86.Deploy.0 = Debug|x86
		{569239F9-605E-4E79-8C91-D613D9818A7F}.Release|Any CPU.ActiveCfg = Release|Any CPU
		{569239F9-605E-4E79-8C91-D613D9818A7F}.Release|Any CPU.Build.0 = Release|Any CPU
		{569239F9-605E-4E79-8C91-D613D9818A7F}.Release|Any CPU.Deploy.0 = Release|Any CPU
		{569239F9-605E-4E79-8C91-D613D9818A7F}.Release|ARM.ActiveCfg = Release|ARM
		{569239F9-605E-4E79-8C91-D613D9818A7F}.Release|ARM.Build.0 = Release|ARM
		{569239F9-605E-4E79-8C91-D613D9818A7F}.Release|ARM.Deploy.0 = Release|ARM
		{569239F9-605E-4E79-8C91-D613D9818A7F}.Release|iPhone.ActiveCfg = Release|Any CPU
		{569239F9-605E-4E79-8C91-D613D9818A7F}.Release|iPhone.Build.0 = Release|Any CPU
		{569239F9-605E-4E79-8C91-D613D9818A7F}.Release|iPhone.Deploy.0 = Release|Any CPU
		{569239F9-605E-4E79-8C91-D613D9818A7F}.Release|iPhoneSimulator.ActiveCfg = Release|Any CPU
		{569239F9-605E-4E79-8C91-D613D9818A7F}.Release|iPhoneSimulator.Build.0 = Release|Any CPU
		{569239F9-605E-4E79-8C91-D613D9818A7F}.Release|iPhoneSimulator.Deploy.0 = Release|Any CPU
		{569239F9-605E-4E79-8C91-D613D9818A7F}.Release|x64.ActiveCfg = Release|Any CPU
		{569239F9-605E-4E79-8C91-D613D9818A7F}.Release|x64.Build.0 = Release|Any CPU
		{569239F9-605E-4E79-8C91-D613D9818A7F}.Release|x64.Deploy.0 = Release|Any CPU
		{569239F9-605E-4E79-8C91-D613D9818A7F}.Release|x86.ActiveCfg = Release|x86
		{569239F9-605E-4E79-8C91-D613D9818A7F}.Release|x86.Build.0 = Release|x86
		{569239F9-605E-4E79-8C91-D613D9818A7F}.Release|x86.Deploy.0 = Release|x86
		{35B3657C-4522-4860-B2E5-3DA2B17A8DF8}.Ad-Hoc|Any CPU.ActiveCfg = Release|x86
		{35B3657C-4522-4860-B2E5-3DA2B17A8DF8}.Ad-Hoc|Any CPU.Build.0 = Release|x86
		{35B3657C-4522-4860-B2E5-3DA2B17A8DF8}.Ad-Hoc|Any CPU.Deploy.0 = Release|x86
		{35B3657C-4522-4860-B2E5-3DA2B17A8DF8}.Ad-Hoc|ARM.ActiveCfg = Release|ARM
		{35B3657C-4522-4860-B2E5-3DA2B17A8DF8}.Ad-Hoc|ARM.Build.0 = Release|ARM
		{35B3657C-4522-4860-B2E5-3DA2B17A8DF8}.Ad-Hoc|ARM.Deploy.0 = Release|ARM
		{35B3657C-4522-4860-B2E5-3DA2B17A8DF8}.Ad-Hoc|iPhone.ActiveCfg = Release|x86
		{35B3657C-4522-4860-B2E5-3DA2B17A8DF8}.Ad-Hoc|iPhone.Build.0 = Release|x86
		{35B3657C-4522-4860-B2E5-3DA2B17A8DF8}.Ad-Hoc|iPhone.Deploy.0 = Release|x86
		{35B3657C-4522-4860-B2E5-3DA2B17A8DF8}.Ad-Hoc|iPhoneSimulator.ActiveCfg = Release|x86
		{35B3657C-4522-4860-B2E5-3DA2B17A8DF8}.Ad-Hoc|iPhoneSimulator.Build.0 = Release|x86
		{35B3657C-4522-4860-B2E5-3DA2B17A8DF8}.Ad-Hoc|iPhoneSimulator.Deploy.0 = Release|x86
		{35B3657C-4522-4860-B2E5-3DA2B17A8DF8}.Ad-Hoc|x64.ActiveCfg = Release|x64
		{35B3657C-4522-4860-B2E5-3DA2B17A8DF8}.Ad-Hoc|x64.Build.0 = Release|x64
		{35B3657C-4522-4860-B2E5-3DA2B17A8DF8}.Ad-Hoc|x64.Deploy.0 = Release|x64
		{35B3657C-4522-4860-B2E5-3DA2B17A8DF8}.Ad-Hoc|x86.ActiveCfg = Release|x86
		{35B3657C-4522-4860-B2E5-3DA2B17A8DF8}.Ad-Hoc|x86.Build.0 = Release|x86
		{35B3657C-4522-4860-B2E5-3DA2B17A8DF8}.Ad-Hoc|x86.Deploy.0 = Release|x86
		{35B3657C-4522-4860-B2E5-3DA2B17A8DF8}.AppStore|Any CPU.ActiveCfg = Release|x86
		{35B3657C-4522-4860-B2E5-3DA2B17A8DF8}.AppStore|Any CPU.Build.0 = Release|x86
		{35B3657C-4522-4860-B2E5-3DA2B17A8DF8}.AppStore|Any CPU.Deploy.0 = Release|x86
		{35B3657C-4522-4860-B2E5-3DA2B17A8DF8}.AppStore|ARM.ActiveCfg = Release|ARM
		{35B3657C-4522-4860-B2E5-3DA2B17A8DF8}.AppStore|ARM.Build.0 = Release|ARM
		{35B3657C-4522-4860-B2E5-3DA2B17A8DF8}.AppStore|ARM.Deploy.0 = Release|ARM
		{35B3657C-4522-4860-B2E5-3DA2B17A8DF8}.AppStore|iPhone.ActiveCfg = Release|x86
		{35B3657C-4522-4860-B2E5-3DA2B17A8DF8}.AppStore|iPhone.Build.0 = Release|x86
		{35B3657C-4522-4860-B2E5-3DA2B17A8DF8}.AppStore|iPhone.Deploy.0 = Release|x86
		{35B3657C-4522-4860-B2E5-3DA2B17A8DF8}.AppStore|iPhoneSimulator.ActiveCfg = Release|x86
		{35B3657C-4522-4860-B2E5-3DA2B17A8DF8}.AppStore|iPhoneSimulator.Build.0 = Release|x86
		{35B3657C-4522-4860-B2E5-3DA2B17A8DF8}.AppStore|iPhoneSimulator.Deploy.0 = Release|x86
		{35B3657C-4522-4860-B2E5-3DA2B17A8DF8}.AppStore|x64.ActiveCfg = Release|x64
		{35B3657C-4522-4860-B2E5-3DA2B17A8DF8}.AppStore|x64.Build.0 = Release|x64
		{35B3657C-4522-4860-B2E5-3DA2B17A8DF8}.AppStore|x64.Deploy.0 = Release|x64
		{35B3657C-4522-4860-B2E5-3DA2B17A8DF8}.AppStore|x86.ActiveCfg = Release|x86
		{35B3657C-4522-4860-B2E5-3DA2B17A8DF8}.AppStore|x86.Build.0 = Release|x86
		{35B3657C-4522-4860-B2E5-3DA2B17A8DF8}.AppStore|x86.Deploy.0 = Release|x86
		{35B3657C-4522-4860-B2E5-3DA2B17A8DF8}.Debug|Any CPU.ActiveCfg = Debug|x86
		{35B3657C-4522-4860-B2E5-3DA2B17A8DF8}.Debug|ARM.ActiveCfg = Debug|ARM
		{35B3657C-4522-4860-B2E5-3DA2B17A8DF8}.Debug|ARM.Build.0 = Debug|ARM
		{35B3657C-4522-4860-B2E5-3DA2B17A8DF8}.Debug|ARM.Deploy.0 = Debug|ARM
		{35B3657C-4522-4860-B2E5-3DA2B17A8DF8}.Debug|iPhone.ActiveCfg = Debug|x86
		{35B3657C-4522-4860-B2E5-3DA2B17A8DF8}.Debug|iPhoneSimulator.ActiveCfg = Debug|x86
		{35B3657C-4522-4860-B2E5-3DA2B17A8DF8}.Debug|x64.ActiveCfg = Debug|x64
		{35B3657C-4522-4860-B2E5-3DA2B17A8DF8}.Debug|x64.Build.0 = Debug|x64
		{35B3657C-4522-4860-B2E5-3DA2B17A8DF8}.Debug|x64.Deploy.0 = Debug|x64
		{35B3657C-4522-4860-B2E5-3DA2B17A8DF8}.Debug|x86.ActiveCfg = Debug|x86
		{35B3657C-4522-4860-B2E5-3DA2B17A8DF8}.Debug|x86.Build.0 = Debug|x86
		{35B3657C-4522-4860-B2E5-3DA2B17A8DF8}.Debug|x86.Deploy.0 = Debug|x86
		{35B3657C-4522-4860-B2E5-3DA2B17A8DF8}.Release|Any CPU.ActiveCfg = Release|x86
		{35B3657C-4522-4860-B2E5-3DA2B17A8DF8}.Release|ARM.ActiveCfg = Release|ARM
		{35B3657C-4522-4860-B2E5-3DA2B17A8DF8}.Release|ARM.Build.0 = Release|ARM
		{35B3657C-4522-4860-B2E5-3DA2B17A8DF8}.Release|ARM.Deploy.0 = Release|ARM
		{35B3657C-4522-4860-B2E5-3DA2B17A8DF8}.Release|iPhone.ActiveCfg = Release|x86
		{35B3657C-4522-4860-B2E5-3DA2B17A8DF8}.Release|iPhoneSimulator.ActiveCfg = Release|x86
		{35B3657C-4522-4860-B2E5-3DA2B17A8DF8}.Release|x64.ActiveCfg = Release|x64
		{35B3657C-4522-4860-B2E5-3DA2B17A8DF8}.Release|x64.Build.0 = Release|x64
		{35B3657C-4522-4860-B2E5-3DA2B17A8DF8}.Release|x64.Deploy.0 = Release|x64
		{35B3657C-4522-4860-B2E5-3DA2B17A8DF8}.Release|x86.ActiveCfg = Release|x86
		{35B3657C-4522-4860-B2E5-3DA2B17A8DF8}.Release|x86.Build.0 = Release|x86
		{35B3657C-4522-4860-B2E5-3DA2B17A8DF8}.Release|x86.Deploy.0 = Release|x86
		{80881CAC-E539-474F-B448-1E748859D713}.Ad-Hoc|Any CPU.ActiveCfg = Release|Any CPU
		{80881CAC-E539-474F-B448-1E748859D713}.Ad-Hoc|Any CPU.Build.0 = Release|Any CPU
		{80881CAC-E539-474F-B448-1E748859D713}.Ad-Hoc|Any CPU.Deploy.0 = Release|Any CPU
		{80881CAC-E539-474F-B448-1E748859D713}.Ad-Hoc|ARM.ActiveCfg = Release|ARM
		{80881CAC-E539-474F-B448-1E748859D713}.Ad-Hoc|ARM.Build.0 = Release|ARM
		{80881CAC-E539-474F-B448-1E748859D713}.Ad-Hoc|ARM.Deploy.0 = Release|ARM
		{80881CAC-E539-474F-B448-1E748859D713}.Ad-Hoc|iPhone.ActiveCfg = Release|Any CPU
		{80881CAC-E539-474F-B448-1E748859D713}.Ad-Hoc|iPhone.Build.0 = Release|Any CPU
		{80881CAC-E539-474F-B448-1E748859D713}.Ad-Hoc|iPhone.Deploy.0 = Release|Any CPU
		{80881CAC-E539-474F-B448-1E748859D713}.Ad-Hoc|iPhoneSimulator.ActiveCfg = Release|Any CPU
		{80881CAC-E539-474F-B448-1E748859D713}.Ad-Hoc|iPhoneSimulator.Build.0 = Release|Any CPU
		{80881CAC-E539-474F-B448-1E748859D713}.Ad-Hoc|iPhoneSimulator.Deploy.0 = Release|Any CPU
		{80881CAC-E539-474F-B448-1E748859D713}.Ad-Hoc|x64.ActiveCfg = Release|x64
		{80881CAC-E539-474F-B448-1E748859D713}.Ad-Hoc|x64.Build.0 = Release|x64
		{80881CAC-E539-474F-B448-1E748859D713}.Ad-Hoc|x64.Deploy.0 = Release|x64
		{80881CAC-E539-474F-B448-1E748859D713}.Ad-Hoc|x86.ActiveCfg = Release|x86
		{80881CAC-E539-474F-B448-1E748859D713}.Ad-Hoc|x86.Build.0 = Release|x86
		{80881CAC-E539-474F-B448-1E748859D713}.Ad-Hoc|x86.Deploy.0 = Release|x86
		{80881CAC-E539-474F-B448-1E748859D713}.AppStore|Any CPU.ActiveCfg = Release|Any CPU
		{80881CAC-E539-474F-B448-1E748859D713}.AppStore|Any CPU.Build.0 = Release|Any CPU
		{80881CAC-E539-474F-B448-1E748859D713}.AppStore|Any CPU.Deploy.0 = Release|Any CPU
		{80881CAC-E539-474F-B448-1E748859D713}.AppStore|ARM.ActiveCfg = Release|ARM
		{80881CAC-E539-474F-B448-1E748859D713}.AppStore|ARM.Build.0 = Release|ARM
		{80881CAC-E539-474F-B448-1E748859D713}.AppStore|ARM.Deploy.0 = Release|ARM
		{80881CAC-E539-474F-B448-1E748859D713}.AppStore|iPhone.ActiveCfg = Release|Any CPU
		{80881CAC-E539-474F-B448-1E748859D713}.AppStore|iPhone.Build.0 = Release|Any CPU
		{80881CAC-E539-474F-B448-1E748859D713}.AppStore|iPhone.Deploy.0 = Release|Any CPU
		{80881CAC-E539-474F-B448-1E748859D713}.AppStore|iPhoneSimulator.ActiveCfg = Release|Any CPU
		{80881CAC-E539-474F-B448-1E748859D713}.AppStore|iPhoneSimulator.Build.0 = Release|Any CPU
		{80881CAC-E539-474F-B448-1E748859D713}.AppStore|iPhoneSimulator.Deploy.0 = Release|Any CPU
		{80881CAC-E539-474F-B448-1E748859D713}.AppStore|x64.ActiveCfg = Release|x64
		{80881CAC-E539-474F-B448-1E748859D713}.AppStore|x64.Build.0 = Release|x64
		{80881CAC-E539-474F-B448-1E748859D713}.AppStore|x64.Deploy.0 = Release|x64
		{80881CAC-E539-474F-B448-1E748859D713}.AppStore|x86.ActiveCfg = Release|x86
		{80881CAC-E539-474F-B448-1E748859D713}.AppStore|x86.Build.0 = Release|x86
		{80881CAC-E539-474F-B448-1E748859D713}.AppStore|x86.Deploy.0 = Release|x86
		{80881CAC-E539-474F-B448-1E748859D713}.Debug|Any CPU.ActiveCfg = Debug|Any CPU
		{80881CAC-E539-474F-B448-1E748859D713}.Debug|Any CPU.Build.0 = Debug|Any CPU
		{80881CAC-E539-474F-B448-1E748859D713}.Debug|Any CPU.Deploy.0 = Debug|Any CPU
		{80881CAC-E539-474F-B448-1E748859D713}.Debug|ARM.ActiveCfg = Debug|ARM
		{80881CAC-E539-474F-B448-1E748859D713}.Debug|ARM.Build.0 = Debug|ARM
		{80881CAC-E539-474F-B448-1E748859D713}.Debug|ARM.Deploy.0 = Debug|ARM
		{80881CAC-E539-474F-B448-1E748859D713}.Debug|iPhone.ActiveCfg = Debug|Any CPU
		{80881CAC-E539-474F-B448-1E748859D713}.Debug|iPhone.Build.0 = Debug|Any CPU
		{80881CAC-E539-474F-B448-1E748859D713}.Debug|iPhone.Deploy.0 = Debug|Any CPU
		{80881CAC-E539-474F-B448-1E748859D713}.Debug|iPhoneSimulator.ActiveCfg = Debug|Any CPU
		{80881CAC-E539-474F-B448-1E748859D713}.Debug|iPhoneSimulator.Build.0 = Debug|Any CPU
		{80881CAC-E539-474F-B448-1E748859D713}.Debug|iPhoneSimulator.Deploy.0 = Debug|Any CPU
		{80881CAC-E539-474F-B448-1E748859D713}.Debug|x64.ActiveCfg = Debug|x64
		{80881CAC-E539-474F-B448-1E748859D713}.Debug|x64.Build.0 = Debug|x64
		{80881CAC-E539-474F-B448-1E748859D713}.Debug|x64.Deploy.0 = Debug|x64
		{80881CAC-E539-474F-B448-1E748859D713}.Debug|x86.ActiveCfg = Debug|x86
		{80881CAC-E539-474F-B448-1E748859D713}.Debug|x86.Build.0 = Debug|x86
		{80881CAC-E539-474F-B448-1E748859D713}.Debug|x86.Deploy.0 = Debug|x86
		{80881CAC-E539-474F-B448-1E748859D713}.Release|Any CPU.ActiveCfg = Release|Any CPU
		{80881CAC-E539-474F-B448-1E748859D713}.Release|Any CPU.Build.0 = Release|Any CPU
		{80881CAC-E539-474F-B448-1E748859D713}.Release|Any CPU.Deploy.0 = Release|Any CPU
		{80881CAC-E539-474F-B448-1E748859D713}.Release|ARM.ActiveCfg = Release|ARM
		{80881CAC-E539-474F-B448-1E748859D713}.Release|ARM.Build.0 = Release|ARM
		{80881CAC-E539-474F-B448-1E748859D713}.Release|ARM.Deploy.0 = Release|ARM
		{80881CAC-E539-474F-B448-1E748859D713}.Release|iPhone.ActiveCfg = Release|Any CPU
		{80881CAC-E539-474F-B448-1E748859D713}.Release|iPhone.Build.0 = Release|Any CPU
		{80881CAC-E539-474F-B448-1E748859D713}.Release|iPhone.Deploy.0 = Release|Any CPU
		{80881CAC-E539-474F-B448-1E748859D713}.Release|iPhoneSimulator.ActiveCfg = Release|Any CPU
		{80881CAC-E539-474F-B448-1E748859D713}.Release|iPhoneSimulator.Build.0 = Release|Any CPU
		{80881CAC-E539-474F-B448-1E748859D713}.Release|iPhoneSimulator.Deploy.0 = Release|Any CPU
		{80881CAC-E539-474F-B448-1E748859D713}.Release|x64.ActiveCfg = Release|x64
		{80881CAC-E539-474F-B448-1E748859D713}.Release|x64.Build.0 = Release|x64
		{80881CAC-E539-474F-B448-1E748859D713}.Release|x64.Deploy.0 = Release|x64
		{80881CAC-E539-474F-B448-1E748859D713}.Release|x86.ActiveCfg = Release|x86
		{80881CAC-E539-474F-B448-1E748859D713}.Release|x86.Build.0 = Release|x86
		{80881CAC-E539-474F-B448-1E748859D713}.Release|x86.Deploy.0 = Release|x86
		{041D46A4-9656-4462-B9B8-7E88E881C83A}.Ad-Hoc|Any CPU.ActiveCfg = Release|Any CPU
		{041D46A4-9656-4462-B9B8-7E88E881C83A}.Ad-Hoc|Any CPU.Build.0 = Release|Any CPU
		{041D46A4-9656-4462-B9B8-7E88E881C83A}.Ad-Hoc|ARM.ActiveCfg = Release|Any CPU
		{041D46A4-9656-4462-B9B8-7E88E881C83A}.Ad-Hoc|ARM.Build.0 = Release|Any CPU
		{041D46A4-9656-4462-B9B8-7E88E881C83A}.Ad-Hoc|iPhone.ActiveCfg = Release|Any CPU
		{041D46A4-9656-4462-B9B8-7E88E881C83A}.Ad-Hoc|iPhone.Build.0 = Release|Any CPU
		{041D46A4-9656-4462-B9B8-7E88E881C83A}.Ad-Hoc|iPhoneSimulator.ActiveCfg = Release|Any CPU
		{041D46A4-9656-4462-B9B8-7E88E881C83A}.Ad-Hoc|iPhoneSimulator.Build.0 = Release|Any CPU
		{041D46A4-9656-4462-B9B8-7E88E881C83A}.Ad-Hoc|x64.ActiveCfg = Release|Any CPU
		{041D46A4-9656-4462-B9B8-7E88E881C83A}.Ad-Hoc|x64.Build.0 = Release|Any CPU
		{041D46A4-9656-4462-B9B8-7E88E881C83A}.Ad-Hoc|x86.ActiveCfg = Release|Any CPU
		{041D46A4-9656-4462-B9B8-7E88E881C83A}.Ad-Hoc|x86.Build.0 = Release|Any CPU
		{041D46A4-9656-4462-B9B8-7E88E881C83A}.AppStore|Any CPU.ActiveCfg = Release|Any CPU
		{041D46A4-9656-4462-B9B8-7E88E881C83A}.AppStore|Any CPU.Build.0 = Release|Any CPU
		{041D46A4-9656-4462-B9B8-7E88E881C83A}.AppStore|ARM.ActiveCfg = Release|Any CPU
		{041D46A4-9656-4462-B9B8-7E88E881C83A}.AppStore|ARM.Build.0 = Release|Any CPU
		{041D46A4-9656-4462-B9B8-7E88E881C83A}.AppStore|iPhone.ActiveCfg = Release|Any CPU
		{041D46A4-9656-4462-B9B8-7E88E881C83A}.AppStore|iPhone.Build.0 = Release|Any CPU
		{041D46A4-9656-4462-B9B8-7E88E881C83A}.AppStore|iPhoneSimulator.ActiveCfg = Release|Any CPU
		{041D46A4-9656-4462-B9B8-7E88E881C83A}.AppStore|iPhoneSimulator.Build.0 = Release|Any CPU
		{041D46A4-9656-4462-B9B8-7E88E881C83A}.AppStore|x64.ActiveCfg = Release|Any CPU
		{041D46A4-9656-4462-B9B8-7E88E881C83A}.AppStore|x64.Build.0 = Release|Any CPU
		{041D46A4-9656-4462-B9B8-7E88E881C83A}.AppStore|x86.ActiveCfg = Release|Any CPU
		{041D46A4-9656-4462-B9B8-7E88E881C83A}.AppStore|x86.Build.0 = Release|Any CPU
		{041D46A4-9656-4462-B9B8-7E88E881C83A}.Debug|Any CPU.ActiveCfg = Debug|Any CPU
		{041D46A4-9656-4462-B9B8-7E88E881C83A}.Debug|Any CPU.Build.0 = Debug|Any CPU
		{041D46A4-9656-4462-B9B8-7E88E881C83A}.Debug|ARM.ActiveCfg = Debug|Any CPU
		{041D46A4-9656-4462-B9B8-7E88E881C83A}.Debug|ARM.Build.0 = Debug|Any CPU
		{041D46A4-9656-4462-B9B8-7E88E881C83A}.Debug|iPhone.ActiveCfg = Debug|Any CPU
		{041D46A4-9656-4462-B9B8-7E88E881C83A}.Debug|iPhone.Build.0 = Debug|Any CPU
		{041D46A4-9656-4462-B9B8-7E88E881C83A}.Debug|iPhoneSimulator.ActiveCfg = Debug|Any CPU
		{041D46A4-9656-4462-B9B8-7E88E881C83A}.Debug|iPhoneSimulator.Build.0 = Debug|Any CPU
		{041D46A4-9656-4462-B9B8-7E88E881C83A}.Debug|x64.ActiveCfg = Debug|Any CPU
		{041D46A4-9656-4462-B9B8-7E88E881C83A}.Debug|x64.Build.0 = Debug|Any CPU
		{041D46A4-9656-4462-B9B8-7E88E881C83A}.Debug|x86.ActiveCfg = Debug|Any CPU
		{041D46A4-9656-4462-B9B8-7E88E881C83A}.Debug|x86.Build.0 = Debug|Any CPU
		{041D46A4-9656-4462-B9B8-7E88E881C83A}.Release|Any CPU.ActiveCfg = Release|Any CPU
		{041D46A4-9656-4462-B9B8-7E88E881C83A}.Release|Any CPU.Build.0 = Release|Any CPU
		{041D46A4-9656-4462-B9B8-7E88E881C83A}.Release|ARM.ActiveCfg = Release|Any CPU
		{041D46A4-9656-4462-B9B8-7E88E881C83A}.Release|ARM.Build.0 = Release|Any CPU
		{041D46A4-9656-4462-B9B8-7E88E881C83A}.Release|iPhone.ActiveCfg = Release|Any CPU
		{041D46A4-9656-4462-B9B8-7E88E881C83A}.Release|iPhone.Build.0 = Release|Any CPU
		{041D46A4-9656-4462-B9B8-7E88E881C83A}.Release|iPhoneSimulator.ActiveCfg = Release|Any CPU
		{041D46A4-9656-4462-B9B8-7E88E881C83A}.Release|iPhoneSimulator.Build.0 = Release|Any CPU
		{041D46A4-9656-4462-B9B8-7E88E881C83A}.Release|x64.ActiveCfg = Release|Any CPU
		{041D46A4-9656-4462-B9B8-7E88E881C83A}.Release|x64.Build.0 = Release|Any CPU
		{041D46A4-9656-4462-B9B8-7E88E881C83A}.Release|x86.ActiveCfg = Release|Any CPU
		{041D46A4-9656-4462-B9B8-7E88E881C83A}.Release|x86.Build.0 = Release|Any CPU
	EndGlobalSection
	GlobalSection(SolutionProperties) = preSolution
		HideSolutionNode = FALSE
	EndGlobalSection
EndGlobal
